
Microsoft Visual Studio Solution File, Format Version 12.00
# Visual Studio 15
VisualStudioVersion = 15.0.26124.0
MinimumVisualStudioVersion = 15.0.26124.0
Project("{2150E333-8FDC-42A3-9474-1A3956D46DE8}") = "src", "src", "{F8F96238-B648-4D0A-B3BC-7E676C05A417}"
EndProject
Project("{FAE04EC0-301F-11D3-BF4B-00C04F79EFBC}") = "CommandAPI", "src\CommandAPI\CommandAPI.csproj", "{DE399B82-DB89-4733-8261-81A2D2A0659D}"
EndProject
Project("{2150E333-8FDC-42A3-9474-1A3956D46DE8}") = "test", "test", "{9327FAF0-B89A-409D-B806-B320605E9522}"
EndProject
Project("{FAE04EC0-301F-11D3-BF4B-00C04F79EFBC}") = "CommandAPI.Tests", "test\CommandAPI.Tests\CommandAPI.Tests.csproj", "{A2BED939-9A9C-47A9-9257-C5CB18062F41}"
EndProject
Global
	GlobalSection(SolutionConfigurationPlatforms) = preSolution
		Debug|Any CPU = Debug|Any CPU
		Debug|x64 = Debug|x64
		Debug|x86 = Debug|x86
		Release|Any CPU = Release|Any CPU
		Release|x64 = Release|x64
		Release|x86 = Release|x86
	EndGlobalSection
	GlobalSection(SolutionProperties) = preSolution
		HideSolutionNode = FALSE
	EndGlobalSection
	GlobalSection(ProjectConfigurationPlatforms) = postSolution
		{DE399B82-DB89-4733-8261-81A2D2A0659D}.Debug|Any CPU.ActiveCfg = Debug|Any CPU
		{DE399B82-DB89-4733-8261-81A2D2A0659D}.Debug|Any CPU.Build.0 = Debug|Any CPU
		{DE399B82-DB89-4733-8261-81A2D2A0659D}.Debug|x64.ActiveCfg = Debug|Any CPU
		{DE399B82-DB89-4733-8261-81A2D2A0659D}.Debug|x64.Build.0 = Debug|Any CPU
		{DE399B82-DB89-4733-8261-81A2D2A0659D}.Debug|x86.ActiveCfg = Debug|Any CPU
		{DE399B82-DB89-4733-8261-81A2D2A0659D}.Debug|x86.Build.0 = Debug|Any CPU
		{DE399B82-DB89-4733-8261-81A2D2A0659D}.Release|Any CPU.ActiveCfg = Release|Any CPU
		{DE399B82-DB89-4733-8261-81A2D2A0659D}.Release|Any CPU.Build.0 = Release|Any CPU
		{DE399B82-DB89-4733-8261-81A2D2A0659D}.Release|x64.ActiveCfg = Release|Any CPU
		{DE399B82-DB89-4733-8261-81A2D2A0659D}.Release|x64.Build.0 = Release|Any CPU
		{DE399B82-DB89-4733-8261-81A2D2A0659D}.Release|x86.ActiveCfg = Release|Any CPU
		{DE399B82-DB89-4733-8261-81A2D2A0659D}.Release|x86.Build.0 = Release|Any CPU
		{A2BED939-9A9C-47A9-9257-C5CB18062F41}.Debug|Any CPU.ActiveCfg = Debug|Any CPU
		{A2BED939-9A9C-47A9-9257-C5CB18062F41}.Debug|Any CPU.Build.0 = Debug|Any CPU
		{A2BED939-9A9C-47A9-9257-C5CB18062F41}.Debug|x64.ActiveCfg = Debug|Any CPU
		{A2BED939-9A9C-47A9-9257-C5CB18062F41}.Debug|x64.Build.0 = Debug|Any CPU
		{A2BED939-9A9C-47A9-9257-C5CB18062F41}.Debug|x86.ActiveCfg = Debug|Any CPU
		{A2BED939-9A9C-47A9-9257-C5CB18062F41}.Debug|x86.Build.0 = Debug|Any CPU
		{A2BED939-9A9C-47A9-9257-C5CB18062F41}.Release|Any CPU.ActiveCfg = Release|Any CPU
		{A2BED939-9A9C-47A9-9257-C5CB18062F41}.Release|Any CPU.Build.0 = Release|Any CPU
		{A2BED939-9A9C-47A9-9257-C5CB18062F41}.Release|x64.ActiveCfg = Release|Any CPU
		{A2BED939-9A9C-47A9-9257-C5CB18062F41}.Release|x64.Build.0 = Release|Any CPU
		{A2BED939-9A9C-47A9-9257-C5CB18062F41}.Release|x86.ActiveCfg = Release|Any CPU
		{A2BED939-9A9C-47A9-9257-C5CB18062F41}.Release|x86.Build.0 = Release|Any CPU
	EndGlobalSection
	GlobalSection(NestedProjects) = preSolution
		{DE399B82-DB89-4733-8261-81A2D2A0659D} = {F8F96238-B648-4D0A-B3BC-7E676C05A417}
		{A2BED939-9A9C-47A9-9257-C5CB18062F41} = {9327FAF0-B89A-409D-B806-B320605E9522}
	EndGlobalSection
EndGlobal
